
Microsoft Visual Studio Solution File, Format Version 12.00
# Visual Studio Version 17
VisualStudioVersion = 17.9.34728.123
MinimumVisualStudioVersion = 10.0.40219.1
Project("{FAE04EC0-301F-11D3-BF4B-00C04F79EFBC}") = "ManufacturingInventorySystem", "ManufacturingInventorySystem.csproj", "{29D69F68-4053-4A40-9C60-DFA89B045F45}"
EndProject
Global
	GlobalSection(SolutionConfigurationPlatforms) = preSolution
		Debug|Any CPU = Debug|Any CPU
		Release|Any CPU = Release|Any CPU
	EndGlobalSection
	GlobalSection(ProjectConfigurationPlatforms) = postSolution
		{29D69F68-4053-4A40-9C60-DFA89B045F45}.Debug|Any CPU.ActiveCfg = Debug|Any CPU
		{29D69F68-4053-4A40-9C60-DFA89B045F45}.Debug|Any CPU.Build.0 = Debug|Any CPU
		{29D69F68-4053-4A40-9C60-DFA89B045F45}.Release|Any CPU.ActiveCfg = Release|Any CPU
		{29D69F68-4053-4A40-9C60-DFA89B045F45}.Release|Any CPU.Build.0 = Release|Any CPU
	EndGlobalSection
	GlobalSection(SolutionProperties) = preSolution
		HideSolutionNode = FALSE
	EndGlobalSection
	GlobalSection(ExtensibilityGlobals) = postSolution
		SolutionGuid = {5DAC75CE-607A-4698-A6DA-2B9FEE743E93}
	EndGlobalSection
EndGlobal
